
Microsoft Visual Studio Solution File, Format Version 12.00
# Visual Studio 2013
VisualStudioVersion = 12.0.30723.0
MinimumVisualStudioVersion = 10.0.40219.1
Project("{8BC9CEB8-8B4A-11D0-8D11-00A0C91BC942}") = "Binary Tree Preorder Traversal", "Binary Tree Preorder Traversal\Binary Tree Preorder Traversal.vcxproj", "{85FC6938-B6BE-46B8-A49F-D82B45F52C3E}"
EndProject
Global
	GlobalSection(SolutionConfigurationPlatforms) = preSolution
		Debug|Win32 = Debug|Win32
		Release|Win32 = Release|Win32
	EndGlobalSection
	GlobalSection(ProjectConfigurationPlatforms) = postSolution
		{85FC6938-B6BE-46B8-A49F-D82B45F52C3E}.Debug|Win32.ActiveCfg = Debug|Win32
		{85FC6938-B6BE-46B8-A49F-D82B45F52C3E}.Debug|Win32.Build.0 = Debug|Win32
		{85FC6938-B6BE-46B8-A49F-D82B45F52C3E}.Release|Win32.ActiveCfg = Release|Win32
		{85FC6938-B6BE-46B8-A49F-D82B45F52C3E}.Release|Win32.Build.0 = Release|Win32
	EndGlobalSection
	GlobalSection(SolutionProperties) = preSolution
		HideSolutionNode = FALSE
	EndGlobalSection
EndGlobal
