
Microsoft Visual Studio Solution File, Format Version 12.00
# Visual Studio 2013
VisualStudioVersion = 12.0.30723.0
MinimumVisualStudioVersion = 10.0.40219.1
Project("{8BC9CEB8-8B4A-11D0-8D11-00A0C91BC942}") = "Valid Parentheses", "Valid Parentheses\Valid Parentheses.vcxproj", "{A6C3296B-2543-4EC1-852C-D7859AF6349C}"
EndProject
Project("{8BC9CEB8-8B4A-11D0-8D11-00A0C91BC942}") = "test1", "test1\test1.vcxproj", "{12BB2EE9-7562-41ED-A4A4-BD2F82A80B48}"
EndProject
Project("{8BC9CEB8-8B4A-11D0-8D11-00A0C91BC942}") = "solve1", "solve1\solve1.vcxproj", "{104DDD89-AD6B-4F5A-B9FF-398A08C1C662}"
EndProject
Global
	GlobalSection(SolutionConfigurationPlatforms) = preSolution
		Debug|Win32 = Debug|Win32
		Release|Win32 = Release|Win32
	EndGlobalSection
	GlobalSection(ProjectConfigurationPlatforms) = postSolution
		{A6C3296B-2543-4EC1-852C-D7859AF6349C}.Debug|Win32.ActiveCfg = Debug|Win32
		{A6C3296B-2543-4EC1-852C-D7859AF6349C}.Debug|Win32.Build.0 = Debug|Win32
		{A6C3296B-2543-4EC1-852C-D7859AF6349C}.Release|Win32.ActiveCfg = Release|Win32
		{A6C3296B-2543-4EC1-852C-D7859AF6349C}.Release|Win32.Build.0 = Release|Win32
		{12BB2EE9-7562-41ED-A4A4-BD2F82A80B48}.Debug|Win32.ActiveCfg = Debug|Win32
		{12BB2EE9-7562-41ED-A4A4-BD2F82A80B48}.Debug|Win32.Build.0 = Debug|Win32
		{12BB2EE9-7562-41ED-A4A4-BD2F82A80B48}.Release|Win32.ActiveCfg = Release|Win32
		{12BB2EE9-7562-41ED-A4A4-BD2F82A80B48}.Release|Win32.Build.0 = Release|Win32
		{104DDD89-AD6B-4F5A-B9FF-398A08C1C662}.Debug|Win32.ActiveCfg = Debug|Win32
		{104DDD89-AD6B-4F5A-B9FF-398A08C1C662}.Debug|Win32.Build.0 = Debug|Win32
		{104DDD89-AD6B-4F5A-B9FF-398A08C1C662}.Release|Win32.ActiveCfg = Release|Win32
		{104DDD89-AD6B-4F5A-B9FF-398A08C1C662}.Release|Win32.Build.0 = Release|Win32
	EndGlobalSection
	GlobalSection(SolutionProperties) = preSolution
		HideSolutionNode = FALSE
	EndGlobalSection
EndGlobal
